
Microsoft Visual Studio Solution File, Format Version 12.00
# Visual Studio Version 17
VisualStudioVersion = 17.11.35327.3
MinimumVisualStudioVersion = 10.0.40219.1
Project("{FAE04EC0-301F-11D3-BF4B-00C04F79EFBC}") = "BotConsole", "BotConsole.csproj", "{DA512A47-A5BC-4893-A74F-44150812723D}"
EndProject
Project("{FAE04EC0-301F-11D3-BF4B-00C04F79EFBC}") = "ANT_Managed_Library", "..\ANT_MANAGED_LIB\ANT_Managed_Library.csproj", "{16270052-0DB5-41F9-8DD4-D1700E6E7281}"
EndProject
Project("{FAE04EC0-301F-11D3-BF4B-00C04F79EFBC}") = "ZwiftClassLibrary", "..\ZwiftClassLibrary\ZwiftClassLibrary.csproj", "{2C250F54-702D-4B59-8997-D1B7E13C0FB9}"
EndProject
Global
	GlobalSection(SolutionConfigurationPlatforms) = preSolution
		Debug|Any CPU = Debug|Any CPU
		Debug|x86 = Debug|x86
		Release_Arct|Any CPU = Release_Arct|Any CPU
		Release_Arct|x86 = Release_Arct|x86
		Release|Any CPU = Release|Any CPU
		Release|x86 = Release|x86
	EndGlobalSection
	GlobalSection(ProjectConfigurationPlatforms) = postSolution
		{DA512A47-A5BC-4893-A74F-44150812723D}.Debug|Any CPU.ActiveCfg = Debug|Any CPU
		{DA512A47-A5BC-4893-A74F-44150812723D}.Debug|Any CPU.Build.0 = Debug|Any CPU
		{DA512A47-A5BC-4893-A74F-44150812723D}.Debug|x86.ActiveCfg = Debug|Any CPU
		{DA512A47-A5BC-4893-A74F-44150812723D}.Debug|x86.Build.0 = Debug|Any CPU
		{DA512A47-A5BC-4893-A74F-44150812723D}.Release_Arct|Any CPU.ActiveCfg = Release|Any CPU
		{DA512A47-A5BC-4893-A74F-44150812723D}.Release_Arct|Any CPU.Build.0 = Release|Any CPU
		{DA512A47-A5BC-4893-A74F-44150812723D}.Release_Arct|x86.ActiveCfg = Release|Any CPU
		{DA512A47-A5BC-4893-A74F-44150812723D}.Release_Arct|x86.Build.0 = Release|Any CPU
		{DA512A47-A5BC-4893-A74F-44150812723D}.Release|Any CPU.ActiveCfg = Release|Any CPU
		{DA512A47-A5BC-4893-A74F-44150812723D}.Release|Any CPU.Build.0 = Release|Any CPU
		{DA512A47-A5BC-4893-A74F-44150812723D}.Release|x86.ActiveCfg = Release|Any CPU
		{DA512A47-A5BC-4893-A74F-44150812723D}.Release|x86.Build.0 = Release|Any CPU
		{16270052-0DB5-41F9-8DD4-D1700E6E7281}.Debug|Any CPU.ActiveCfg = Debug|x86
		{16270052-0DB5-41F9-8DD4-D1700E6E7281}.Debug|Any CPU.Build.0 = Debug|x86
		{16270052-0DB5-41F9-8DD4-D1700E6E7281}.Debug|x86.ActiveCfg = Debug|x86
		{16270052-0DB5-41F9-8DD4-D1700E6E7281}.Debug|x86.Build.0 = Debug|x86
		{16270052-0DB5-41F9-8DD4-D1700E6E7281}.Release_Arct|Any CPU.ActiveCfg = Release_Arct|x86
		{16270052-0DB5-41F9-8DD4-D1700E6E7281}.Release_Arct|Any CPU.Build.0 = Release_Arct|x86
		{16270052-0DB5-41F9-8DD4-D1700E6E7281}.Release_Arct|x86.ActiveCfg = Release_Arct|x86
		{16270052-0DB5-41F9-8DD4-D1700E6E7281}.Release_Arct|x86.Build.0 = Release_Arct|x86
		{16270052-0DB5-41F9-8DD4-D1700E6E7281}.Release|Any CPU.ActiveCfg = Release|x86
		{16270052-0DB5-41F9-8DD4-D1700E6E7281}.Release|Any CPU.Build.0 = Release|x86
		{16270052-0DB5-41F9-8DD4-D1700E6E7281}.Release|x86.ActiveCfg = Release|x86
		{16270052-0DB5-41F9-8DD4-D1700E6E7281}.Release|x86.Build.0 = Release|x86
		{2C250F54-702D-4B59-8997-D1B7E13C0FB9}.Debug|Any CPU.ActiveCfg = Debug|Any CPU
		{2C250F54-702D-4B59-8997-D1B7E13C0FB9}.Debug|Any CPU.Build.0 = Debug|Any CPU
		{2C250F54-702D-4B59-8997-D1B7E13C0FB9}.Debug|x86.ActiveCfg = Debug|Any CPU
		{2C250F54-702D-4B59-8997-D1B7E13C0FB9}.Debug|x86.Build.0 = Debug|Any CPU
		{2C250F54-702D-4B59-8997-D1B7E13C0FB9}.Release_Arct|Any CPU.ActiveCfg = Release|Any CPU
		{2C250F54-702D-4B59-8997-D1B7E13C0FB9}.Release_Arct|Any CPU.Build.0 = Release|Any CPU
		{2C250F54-702D-4B59-8997-D1B7E13C0FB9}.Release_Arct|x86.ActiveCfg = Release|Any CPU
		{2C250F54-702D-4B59-8997-D1B7E13C0FB9}.Release_Arct|x86.Build.0 = Release|Any CPU
		{2C250F54-702D-4B59-8997-D1B7E13C0FB9}.Release|Any CPU.ActiveCfg = Release|Any CPU
		{2C250F54-702D-4B59-8997-D1B7E13C0FB9}.Release|Any CPU.Build.0 = Release|Any CPU
		{2C250F54-702D-4B59-8997-D1B7E13C0FB9}.Release|x86.ActiveCfg = Release|Any CPU
		{2C250F54-702D-4B59-8997-D1B7E13C0FB9}.Release|x86.Build.0 = Release|Any CPU
	EndGlobalSection
	GlobalSection(SolutionProperties) = preSolution
		HideSolutionNode = FALSE
	EndGlobalSection
	GlobalSection(ExtensibilityGlobals) = postSolution
		SolutionGuid = {A6DF9218-4C0B-49D2-890F-06610EF2BE83}
	EndGlobalSection
EndGlobal
